
Microsoft Visual Studio Solution File, Format Version 12.00
# 
Project("{FAE04EC0-301F-11D3-BF4B-00C04F79EFBC}") = "Secret8", "Secret8\Secret8.csproj", "{573C467C-6C67-4754-8F79-665BA5F5EDAB}"
EndProject
Project("{FAE04EC0-301F-11D3-BF4B-00C04F79EFBC}") = "RazorApp", "RazorApp\RazorApp.csproj", "{DE024185-9E4D-44B9-9070-8816FBB1A649}"
EndProject
Global
	GlobalSection(SolutionConfigurationPlatforms) = preSolution
		Debug|Any CPU = Debug|Any CPU
		Release|Any CPU = Release|Any CPU
	EndGlobalSection
	GlobalSection(ProjectConfigurationPlatforms) = postSolution
		{573C467C-6C67-4754-8F79-665BA5F5EDAB}.Debug|Any CPU.ActiveCfg = Debug|Any CPU
		{573C467C-6C67-4754-8F79-665BA5F5EDAB}.Debug|Any CPU.Build.0 = Debug|Any CPU
		{573C467C-6C67-4754-8F79-665BA5F5EDAB}.Release|Any CPU.ActiveCfg = Release|Any CPU
		{573C467C-6C67-4754-8F79-665BA5F5EDAB}.Release|Any CPU.Build.0 = Release|Any CPU
		{DE024185-9E4D-44B9-9070-8816FBB1A649}.Debug|Any CPU.ActiveCfg = Debug|Any CPU
		{DE024185-9E4D-44B9-9070-8816FBB1A649}.Debug|Any CPU.Build.0 = Debug|Any CPU
		{DE024185-9E4D-44B9-9070-8816FBB1A649}.Release|Any CPU.ActiveCfg = Release|Any CPU
		{DE024185-9E4D-44B9-9070-8816FBB1A649}.Release|Any CPU.Build.0 = Release|Any CPU
	EndGlobalSection
EndGlobal
